
Microsoft Visual Studio Solution File, Format Version 12.00
# Visual Studio Version 16
VisualStudioVersion = 16.0.30907.101
MinimumVisualStudioVersion = 10.0.40219.1
Project("{FAE04EC0-301F-11D3-BF4B-00C04F79EFBC}") = "Entities", "Entities\Entities.csproj", "{9B7DC114-D99D-485C-8973-09E5C1ADCDBE}"
EndProject
Project("{FAE04EC0-301F-11D3-BF4B-00C04F79EFBC}") = "DataAccess", "DataAccess\DataAccess.csproj", "{5C0491C1-640A-455A-B4EB-06D5B076E6FC}"
EndProject
Project("{FAE04EC0-301F-11D3-BF4B-00C04F79EFBC}") = "Business", "Business\Business.csproj", "{8C27DA88-C2F1-497A-946D-25CF8A1594EF}"
EndProject
Project("{FAE04EC0-301F-11D3-BF4B-00C04F79EFBC}") = "ConsoleUI", "ConsoleUI\ConsoleUI.csproj", "{C0715B06-78D5-4F36-B208-F944ADE3F6BE}"
EndProject
Global
	GlobalSection(SolutionConfigurationPlatforms) = preSolution
		Debug|Any CPU = Debug|Any CPU
		Release|Any CPU = Release|Any CPU
	EndGlobalSection
	GlobalSection(ProjectConfigurationPlatforms) = postSolution
		{9B7DC114-D99D-485C-8973-09E5C1ADCDBE}.Debug|Any CPU.ActiveCfg = Debug|Any CPU
		{9B7DC114-D99D-485C-8973-09E5C1ADCDBE}.Debug|Any CPU.Build.0 = Debug|Any CPU
		{9B7DC114-D99D-485C-8973-09E5C1ADCDBE}.Release|Any CPU.ActiveCfg = Release|Any CPU
		{9B7DC114-D99D-485C-8973-09E5C1ADCDBE}.Release|Any CPU.Build.0 = Release|Any CPU
		{5C0491C1-640A-455A-B4EB-06D5B076E6FC}.Debug|Any CPU.ActiveCfg = Debug|Any CPU
		{5C0491C1-640A-455A-B4EB-06D5B076E6FC}.Debug|Any CPU.Build.0 = Debug|Any CPU
		{5C0491C1-640A-455A-B4EB-06D5B076E6FC}.Release|Any CPU.ActiveCfg = Release|Any CPU
		{5C0491C1-640A-455A-B4EB-06D5B076E6FC}.Release|Any CPU.Build.0 = Release|Any CPU
		{8C27DA88-C2F1-497A-946D-25CF8A1594EF}.Debug|Any CPU.ActiveCfg = Debug|Any CPU
		{8C27DA88-C2F1-497A-946D-25CF8A1594EF}.Debug|Any CPU.Build.0 = Debug|Any CPU
		{8C27DA88-C2F1-497A-946D-25CF8A1594EF}.Release|Any CPU.ActiveCfg = Release|Any CPU
		{8C27DA88-C2F1-497A-946D-25CF8A1594EF}.Release|Any CPU.Build.0 = Release|Any CPU
		{C0715B06-78D5-4F36-B208-F944ADE3F6BE}.Debug|Any CPU.ActiveCfg = Debug|Any CPU
		{C0715B06-78D5-4F36-B208-F944ADE3F6BE}.Debug|Any CPU.Build.0 = Debug|Any CPU
		{C0715B06-78D5-4F36-B208-F944ADE3F6BE}.Release|Any CPU.ActiveCfg = Release|Any CPU
		{C0715B06-78D5-4F36-B208-F944ADE3F6BE}.Release|Any CPU.Build.0 = Release|Any CPU
	EndGlobalSection
	GlobalSection(SolutionProperties) = preSolution
		HideSolutionNode = FALSE
	EndGlobalSection
	GlobalSection(ExtensibilityGlobals) = postSolution
		SolutionGuid = {569331ED-8EFD-40BA-BFC5-C073ECACDEE7}
	EndGlobalSection
EndGlobal
